// !$*UTF8*$!
{
	archiveVersion = 1;
	classes = {
	};
	objectVersion = 56;
	objects = {

/* Begin PBXBuildFile section */
		2A622D009FD0AD00A8D8A542 /* PrivacyInfo.xcprivacy in Resources */ = {isa = PBXBuildFile; fileRef = 2AB4C7B506486883955572BB /* PrivacyInfo.xcprivacy */; };
		5596EA02C6335EABCD9CCE74 /* NovaExecutionTests.swift in Sources */ = {isa = PBXBuildFile; fileRef = 848EE3A9C333736872FEFC8C /* NovaExecutionTests.swift */; };
		7EB646956F11C8F0ABF9C416 /* Foundation.framework in Frameworks */ = {isa = PBXBuildFile; fileRef = 3BB5CF907453E746026AF1E5 /* Foundation.framework */; };
		986E24695C0FC7D912763426 /* FocusTelemetry.swift in Sources */ = {isa = PBXBuildFile; fileRef = D96286B07641507CD876AC4B /* FocusTelemetry.swift */; };
		D5279C2FCC21B38F2BC30375 /* FocusDataStoreTests.swift in Sources */ = {isa = PBXBuildFile; fileRef = 3DAFCBF2F8D5B3D4FF4B9DEE /* FocusDataStoreTests.swift */; };
		DBA464EDE8EC0D8ACEA423D3 /* FocusCoreFlowTests.swift in Sources */ = {isa = PBXBuildFile; fileRef = 304FB960A2ED3A4D9CE34FE8 /* FocusCoreFlowTests.swift */; };
		DF679FE6A62E50ABFDED781D /* Foundation.framework in Frameworks */ = {isa = PBXBuildFile; fileRef = 3BB5CF907453E746026AF1E5 /* Foundation.framework */; };
		FA0000000000000000000016 /* FocusApp.swift in Sources */ = {isa = PBXBuildFile; fileRef = FA0000000000000000000011 /* FocusApp.swift */; };
		FA0000000000000000000017 /* ContentView.swift in Sources */ = {isa = PBXBuildFile; fileRef = FA0000000000000000000012 /* ContentView.swift */; };
		FA0000000000000000000018 /* BootView.swift in Sources */ = {isa = PBXBuildFile; fileRef = FA0000000000000000000013 /* BootView.swift */; };
		FA000000000000000000001A /* Assets.xcassets in Resources */ = {isa = PBXBuildFile; fileRef = FA0000000000000000000015 /* Assets.xcassets */; };
		FA0000000000000000000040 /* Theme.swift in Sources */ = {isa = PBXBuildFile; fileRef = FA0000000000000000000050 /* Theme.swift */; };
		FA0000000000000000000041 /* FocusEvent.swift in Sources */ = {isa = PBXBuildFile; fileRef = FA0000000000000000000051 /* FocusEvent.swift */; };
		FA0000000000000000000042 /* FocusTask.swift in Sources */ = {isa = PBXBuildFile; fileRef = FA0000000000000000000052 /* FocusTask.swift */; };
		FA0000000000000000000043 /* Suggestion.swift in Sources */ = {isa = PBXBuildFile; fileRef = FA0000000000000000000053 /* Suggestion.swift */; };
		FA0000000000000000000044 /* NovaMessage.swift in Sources */ = {isa = PBXBuildFile; fileRef = FA0000000000000000000054 /* NovaMessage.swift */; };
		FA0000000000000000000045 /* DemoDataProvider.swift in Sources */ = {isa = PBXBuildFile; fileRef = FA0000000000000000000055 /* DemoDataProvider.swift */; };
		FA0000000000000000000046 /* MainTabView.swift in Sources */ = {isa = PBXBuildFile; fileRef = FA0000000000000000000056 /* MainTabView.swift */; };
		FA0000000000000000000047 /* MiDiaView.swift in Sources */ = {isa = PBXBuildFile; fileRef = FA0000000000000000000057 /* MiDiaView.swift */; };
		FA0000000000000000000048 /* CalendarioView.swift in Sources */ = {isa = PBXBuildFile; fileRef = FA0000000000000000000058 /* CalendarioView.swift */; };
		FA0000000000000000000049 /* NovaView.swift in Sources */ = {isa = PBXBuildFile; fileRef = FA0000000000000000000059 /* NovaView.swift */; };
		FA000000000000000000004A /* TareasView.swift in Sources */ = {isa = PBXBuildFile; fileRef = FA000000000000000000005A /* TareasView.swift */; };
		FA000000000000000000004B /* AjustesView.swift in Sources */ = {isa = PBXBuildFile; fileRef = FA000000000000000000005B /* AjustesView.swift */; };
		FA0000000000000000000080 /* AppSettings.swift in Sources */ = {isa = PBXBuildFile; fileRef = FA0000000000000000000070 /* AppSettings.swift */; };
		FA0000000000000000000081 /* FocusDataStore.swift in Sources */ = {isa = PBXBuildFile; fileRef = FA0000000000000000000071 /* FocusDataStore.swift */; };
		FA0000000000000000000082 /* SharedComponents.swift in Sources */ = {isa = PBXBuildFile; fileRef = FA0000000000000000000072 /* SharedComponents.swift */; };
		FA0000000000000000000084 /* FocusLocalStore.swift in Sources */ = {isa = PBXBuildFile; fileRef = FA0000000000000000000074 /* FocusLocalStore.swift */; };
		FA0000000000000000000085 /* FocusConfig.swift in Sources */ = {isa = PBXBuildFile; fileRef = FA0000000000000000000075 /* FocusConfig.swift */; };
		FA0000000000000000000086 /* KeychainStore.swift in Sources */ = {isa = PBXBuildFile; fileRef = FA0000000000000000000076 /* KeychainStore.swift */; };
		FA0000000000000000000087 /* AuthService.swift in Sources */ = {isa = PBXBuildFile; fileRef = FA0000000000000000000077 /* AuthService.swift */; };
		FA0000000000000000000088 /* AuthStore.swift in Sources */ = {isa = PBXBuildFile; fileRef = FA0000000000000000000078 /* AuthStore.swift */; };
		FA0000000000000000000089 /* LoginView.swift in Sources */ = {isa = PBXBuildFile; fileRef = FA0000000000000000000079 /* LoginView.swift */; };
		FA0000000000000000000090 /* OnboardingView.swift in Sources */ = {isa = PBXBuildFile; fileRef = FA000000000000000000007A /* OnboardingView.swift */; };
		FA0000000000000000000091 /* SupabaseSyncService.swift in Sources */ = {isa = PBXBuildFile; fileRef = FA000000000000000000007B /* SupabaseSyncService.swift */; };
		FA0000000000000000000092 /* NovaService.swift in Sources */ = {isa = PBXBuildFile; fileRef = FA000000000000000000007C /* NovaService.swift */; };
		FA0000000000000000000093 /* LocalNotificationService.swift in Sources */ = {isa = PBXBuildFile; fileRef = FA000000000000000000007D /* LocalNotificationService.swift */; };
		FA0000000000000000000094 /* NovaLiveService.swift in Sources */ = {isa = PBXBuildFile; fileRef = FA000000000000000000007E /* NovaLiveService.swift */; };
		FA0000000000000000000096 /* VoiceDictationSheet.swift in Sources */ = {isa = PBXBuildFile; fileRef = FA0000000000000000000098 /* VoiceDictationSheet.swift */; };
		FA0000000000000000000097 /* NovaActionNormalizer.swift in Sources */ = {isa = PBXBuildFile; fileRef = FA0000000000000000000099 /* NovaActionNormalizer.swift */; };
		FA000000000000000000009A /* NovaActionNormalizerTests.swift in Sources */ = {isa = PBXBuildFile; fileRef = FA000000000000000000009B /* NovaActionNormalizerTests.swift */; };
		FA00000000000000000000A2 /* AuthService+GoogleNative.swift in Sources */ = {isa = PBXBuildFile; fileRef = FA00000000000000000000A1 /* AuthService+GoogleNative.swift */; };
		FA00000000000000000000B2 /* NovaActionValidator.swift in Sources */ = {isa = PBXBuildFile; fileRef = FA00000000000000000000B3 /* NovaActionValidator.swift */; };
		FA00000000000000000000C0 /* NovaDevLog.swift in Sources */ = {isa = PBXBuildFile; fileRef = FA00000000000000000000C1 /* NovaDevLog.swift */; };
		FA00000000000000000000E0 /* PrivacyInfo.xcprivacy in Resources */ = {isa = PBXBuildFile; fileRef = FA00000000000000000000E1 /* PrivacyInfo.xcprivacy */; };
		FA00000000000000000000E2 /* SystemCalendarService.swift in Sources */ = {isa = PBXBuildFile; fileRef = FA00000000000000000000E3 /* SystemCalendarService.swift */; };
		FA00000000000000000000E4 /* PushRegistrationService.swift in Sources */ = {isa = PBXBuildFile; fileRef = FA00000000000000000000E5 /* PushRegistrationService.swift */; };
		FA00000000000000000000E9 /* FocusWidgetBundle.swift in Sources */ = {isa = PBXBuildFile; fileRef = FA00000000000000000000E8 /* FocusWidgetBundle.swift */; };
		FA00000000000000000000EB /* FocusWidget.swift in Sources */ = {isa = PBXBuildFile; fileRef = FA00000000000000000000EA /* FocusWidget.swift */; };
		FA00000000000000000000F7 /* FocusWidgetExtension.appex in Embed Foundation Extensions */ = {isa = PBXBuildFile; fileRef = FA00000000000000000000E7 /* FocusWidgetExtension.appex */; settings = {ATTRIBUTES = (RemoveHeadersOnCopy, ); }; };
/* End PBXBuildFile section */

/* Begin PBXContainerItemProxy section */
		4B9E9302BD70C3F33CC2C05B /* PBXContainerItemProxy */ = {
			isa = PBXContainerItemProxy;
			containerPortal = FA0000000000000000000001 /* Project object */;
			proxyType = 1;
			remoteGlobalIDString = FA0000000000000000000006;
			remoteInfo = Focus;
		};
		CDCBD857EEAEAF74E3D85D7E /* PBXContainerItemProxy */ = {
			isa = PBXContainerItemProxy;
			containerPortal = FA0000000000000000000001 /* Project object */;
			proxyType = 1;
			remoteGlobalIDString = FA0000000000000000000006;
			remoteInfo = Focus;
		};
		FA00000000000000000000F8 /* PBXContainerItemProxy */ = {
			isa = PBXContainerItemProxy;
			containerPortal = FA0000000000000000000001 /* Project object */;
			proxyType = 1;
			remoteGlobalIDString = FA00000000000000000000EF;
			remoteInfo = FocusWidgetExtension;
		};
/* End PBXContainerItemProxy section */

/* Begin PBXCopyFilesBuildPhase section */
		FA00000000000000000000F6 /* Embed Foundation Extensions */ = {
			isa = PBXCopyFilesBuildPhase;
			buildActionMask = 2147483647;
			dstPath = "";
			dstSubfolderSpec = 13;
			files = (
				FA00000000000000000000F7 /* FocusWidgetExtension.appex in Embed Foundation Extensions */,
			);
			name = "Embed Foundation Extensions";
			runOnlyForDeploymentPostprocessing = 0;
		};
/* End PBXCopyFilesBuildPhase section */

/* Begin PBXFileReference section */
		0F61FC8E12865D84AB673C7C /* FocusTests.xctest */ = {isa = PBXFileReference; explicitFileType = wrapper.cfbundle; includeInIndex = 0; path = FocusTests.xctest; sourceTree = BUILT_PRODUCTS_DIR; };
		2AB4C7B506486883955572BB /* PrivacyInfo.xcprivacy */ = {isa = PBXFileReference; includeInIndex = 1; path = PrivacyInfo.xcprivacy; sourceTree = "<group>"; };
		304FB960A2ED3A4D9CE34FE8 /* FocusCoreFlowTests.swift */ = {isa = PBXFileReference; includeInIndex = 1; lastKnownFileType = sourcecode.swift; path = FocusCoreFlowTests.swift; sourceTree = "<group>"; };
		3BB5CF907453E746026AF1E5 /* Foundation.framework */ = {isa = PBXFileReference; lastKnownFileType = wrapper.framework; name = Foundation.framework; path = Platforms/iPhoneOS.platform/Developer/SDKs/iPhoneOS18.0.sdk/System/Library/Frameworks/Foundation.framework; sourceTree = DEVELOPER_DIR; };
		3DAFCBF2F8D5B3D4FF4B9DEE /* FocusDataStoreTests.swift */ = {isa = PBXFileReference; includeInIndex = 1; lastKnownFileType = sourcecode.swift; path = FocusDataStoreTests.swift; sourceTree = "<group>"; };
		80CC2C917E3772B4429AD0BB /* FocusUITests.xctest */ = {isa = PBXFileReference; explicitFileType = wrapper.cfbundle; includeInIndex = 0; path = FocusUITests.xctest; sourceTree = BUILT_PRODUCTS_DIR; };
		848EE3A9C333736872FEFC8C /* NovaExecutionTests.swift */ = {isa = PBXFileReference; includeInIndex = 1; lastKnownFileType = sourcecode.swift; path = NovaExecutionTests.swift; sourceTree = "<group>"; };
		D96286B07641507CD876AC4B /* FocusTelemetry.swift */ = {isa = PBXFileReference; includeInIndex = 1; lastKnownFileType = sourcecode.swift; path = FocusTelemetry.swift; sourceTree = "<group>"; };
		FA0000000000000000000004 /* Focus.app */ = {isa = PBXFileReference; explicitFileType = wrapper.application; includeInIndex = 0; path = Focus.app; sourceTree = BUILT_PRODUCTS_DIR; };
		FA0000000000000000000011 /* FocusApp.swift */ = {isa = PBXFileReference; lastKnownFileType = sourcecode.swift; path = FocusApp.swift; sourceTree = "<group>"; };
		FA0000000000000000000012 /* ContentView.swift */ = {isa = PBXFileReference; lastKnownFileType = sourcecode.swift; path = ContentView.swift; sourceTree = "<group>"; };
		FA0000000000000000000013 /* BootView.swift */ = {isa = PBXFileReference; lastKnownFileType = sourcecode.swift; path = BootView.swift; sourceTree = "<group>"; };
		FA0000000000000000000015 /* Assets.xcassets */ = {isa = PBXFileReference; lastKnownFileType = folder.assetcatalog; path = Assets.xcassets; sourceTree = "<group>"; };
		FA0000000000000000000050 /* Theme.swift */ = {isa = PBXFileReference; lastKnownFileType = sourcecode.swift; path = Theme.swift; sourceTree = "<group>"; };
		FA0000000000000000000051 /* FocusEvent.swift */ = {isa = PBXFileReference; lastKnownFileType = sourcecode.swift; path = FocusEvent.swift; sourceTree = "<group>"; };
		FA0000000000000000000052 /* FocusTask.swift */ = {isa = PBXFileReference; lastKnownFileType = sourcecode.swift; path = FocusTask.swift; sourceTree = "<group>"; };
		FA0000000000000000000053 /* Suggestion.swift */ = {isa = PBXFileReference; lastKnownFileType = sourcecode.swift; path = Suggestion.swift; sourceTree = "<group>"; };
		FA0000000000000000000054 /* NovaMessage.swift */ = {isa = PBXFileReference; lastKnownFileType = sourcecode.swift; path = NovaMessage.swift; sourceTree = "<group>"; };
		FA0000000000000000000055 /* DemoDataProvider.swift */ = {isa = PBXFileReference; lastKnownFileType = sourcecode.swift; path = DemoDataProvider.swift; sourceTree = "<group>"; };
		FA0000000000000000000056 /* MainTabView.swift */ = {isa = PBXFileReference; lastKnownFileType = sourcecode.swift; path = MainTabView.swift; sourceTree = "<group>"; };
		FA0000000000000000000057 /* MiDiaView.swift */ = {isa = PBXFileReference; lastKnownFileType = sourcecode.swift; path = MiDiaView.swift; sourceTree = "<group>"; };
		FA0000000000000000000058 /* CalendarioView.swift */ = {isa = PBXFileReference; lastKnownFileType = sourcecode.swift; path = CalendarioView.swift; sourceTree = "<group>"; };
		FA0000000000000000000059 /* NovaView.swift */ = {isa = PBXFileReference; lastKnownFileType = sourcecode.swift; path = NovaView.swift; sourceTree = "<group>"; };
		FA000000000000000000005A /* TareasView.swift */ = {isa = PBXFileReference; lastKnownFileType = sourcecode.swift; path = TareasView.swift; sourceTree = "<group>"; };
		FA000000000000000000005B /* AjustesView.swift */ = {isa = PBXFileReference; lastKnownFileType = sourcecode.swift; path = AjustesView.swift; sourceTree = "<group>"; };
		FA0000000000000000000070 /* AppSettings.swift */ = {isa = PBXFileReference; lastKnownFileType = sourcecode.swift; path = AppSettings.swift; sourceTree = "<group>"; };
		FA0000000000000000000071 /* FocusDataStore.swift */ = {isa = PBXFileReference; lastKnownFileType = sourcecode.swift; path = FocusDataStore.swift; sourceTree = "<group>"; };
		FA0000000000000000000072 /* SharedComponents.swift */ = {isa = PBXFileReference; lastKnownFileType = sourcecode.swift; path = SharedComponents.swift; sourceTree = "<group>"; };
		FA0000000000000000000074 /* FocusLocalStore.swift */ = {isa = PBXFileReference; lastKnownFileType = sourcecode.swift; path = FocusLocalStore.swift; sourceTree = "<group>"; };
		FA0000000000000000000075 /* FocusConfig.swift */ = {isa = PBXFileReference; lastKnownFileType = sourcecode.swift; path = FocusConfig.swift; sourceTree = "<group>"; };
		FA0000000000000000000076 /* KeychainStore.swift */ = {isa = PBXFileReference; lastKnownFileType = sourcecode.swift; path = KeychainStore.swift; sourceTree = "<group>"; };
		FA0000000000000000000077 /* AuthService.swift */ = {isa = PBXFileReference; lastKnownFileType = sourcecode.swift; path = AuthService.swift; sourceTree = "<group>"; };
		FA0000000000000000000078 /* AuthStore.swift */ = {isa = PBXFileReference; lastKnownFileType = sourcecode.swift; path = AuthStore.swift; sourceTree = "<group>"; };
		FA0000000000000000000079 /* LoginView.swift */ = {isa = PBXFileReference; lastKnownFileType = sourcecode.swift; path = LoginView.swift; sourceTree = "<group>"; };
		FA000000000000000000007A /* OnboardingView.swift */ = {isa = PBXFileReference; lastKnownFileType = sourcecode.swift; path = OnboardingView.swift; sourceTree = "<group>"; };
		FA000000000000000000007B /* SupabaseSyncService.swift */ = {isa = PBXFileReference; lastKnownFileType = sourcecode.swift; path = SupabaseSyncService.swift; sourceTree = "<group>"; };
		FA000000000000000000007C /* NovaService.swift */ = {isa = PBXFileReference; lastKnownFileType = sourcecode.swift; path = NovaService.swift; sourceTree = "<group>"; };
		FA000000000000000000007D /* LocalNotificationService.swift */ = {isa = PBXFileReference; lastKnownFileType = sourcecode.swift; path = LocalNotificationService.swift; sourceTree = "<group>"; };
		FA000000000000000000007E /* NovaLiveService.swift */ = {isa = PBXFileReference; lastKnownFileType = sourcecode.swift; path = NovaLiveService.swift; sourceTree = "<group>"; };
		FA0000000000000000000098 /* VoiceDictationSheet.swift */ = {isa = PBXFileReference; lastKnownFileType = sourcecode.swift; path = VoiceDictationSheet.swift; sourceTree = "<group>"; };
		FA0000000000000000000099 /* NovaActionNormalizer.swift */ = {isa = PBXFileReference; lastKnownFileType = sourcecode.swift; path = NovaActionNormalizer.swift; sourceTree = "<group>"; };
		FA000000000000000000009B /* NovaActionNormalizerTests.swift */ = {isa = PBXFileReference; lastKnownFileType = sourcecode.swift; path = NovaActionNormalizerTests.swift; sourceTree = "<group>"; };
		FA00000000000000000000A1 /* AuthService+GoogleNative.swift */ = {isa = PBXFileReference; lastKnownFileType = sourcecode.swift; path = "AuthService+GoogleNative.swift"; sourceTree = "<group>"; };
		FA00000000000000000000B3 /* NovaActionValidator.swift */ = {isa = PBXFileReference; lastKnownFileType = sourcecode.swift; path = NovaActionValidator.swift; sourceTree = "<group>"; };
		FA00000000000000000000C1 /* NovaDevLog.swift */ = {isa = PBXFileReference; lastKnownFileType = sourcecode.swift; path = NovaDevLog.swift; sourceTree = "<group>"; };
		FA00000000000000000000E1 /* PrivacyInfo.xcprivacy */ = {isa = PBXFileReference; lastKnownFileType = text.xml; path = PrivacyInfo.xcprivacy; sourceTree = "<group>"; };
		FA00000000000000000000E3 /* SystemCalendarService.swift */ = {isa = PBXFileReference; lastKnownFileType = sourcecode.swift; path = SystemCalendarService.swift; sourceTree = "<group>"; };
		FA00000000000000000000E5 /* PushRegistrationService.swift */ = {isa = PBXFileReference; lastKnownFileType = sourcecode.swift; path = PushRegistrationService.swift; sourceTree = "<group>"; };
		FA00000000000000000000E6 /* Focus.entitlements */ = {isa = PBXFileReference; lastKnownFileType = text.plist.entitlements; path = Focus.entitlements; sourceTree = "<group>"; };
		FA00000000000000000000E7 /* FocusWidgetExtension.appex */ = {isa = PBXFileReference; explicitFileType = "wrapper.app-extension"; includeInIndex = 0; path = FocusWidgetExtension.appex; sourceTree = BUILT_PRODUCTS_DIR; };
		FA00000000000000000000E8 /* FocusWidgetBundle.swift */ = {isa = PBXFileReference; lastKnownFileType = sourcecode.swift; path = FocusWidgetBundle.swift; sourceTree = "<group>"; };
		FA00000000000000000000EA /* FocusWidget.swift */ = {isa = PBXFileReference; lastKnownFileType = sourcecode.swift; path = FocusWidget.swift; sourceTree = "<group>"; };
		FA00000000000000000000EC /* Info.plist */ = {isa = PBXFileReference; lastKnownFileType = text.plist.xml; path = Info.plist; sourceTree = "<group>"; };
		FA00000000000000000000ED /* FocusWidget.entitlements */ = {isa = PBXFileReference; lastKnownFileType = text.plist.entitlements; path = FocusWidget.entitlements; sourceTree = "<group>"; };
/* End PBXFileReference section */

/* Begin PBXFrameworksBuildPhase section */
		5AE68B75F85AA9B36DDA7300 /* Frameworks */ = {
			isa = PBXFrameworksBuildPhase;
			buildActionMask = 2147483647;
			files = (
				DF679FE6A62E50ABFDED781D /* Foundation.framework in Frameworks */,
			);
			runOnlyForDeploymentPostprocessing = 0;
		};
		BFEAF5B187908448A13500AE /* Frameworks */ = {
			isa = PBXFrameworksBuildPhase;
			buildActionMask = 2147483647;
			files = (
				7EB646956F11C8F0ABF9C416 /* Foundation.framework in Frameworks */,
			);
			runOnlyForDeploymentPostprocessing = 0;
		};
		FA0000000000000000000010 /* Frameworks */ = {
			isa = PBXFrameworksBuildPhase;
			buildActionMask = 2147483647;
			files = (
			);
			runOnlyForDeploymentPostprocessing = 0;
		};
		FA00000000000000000000F4 /* Frameworks */ = {
			isa = PBXFrameworksBuildPhase;
			buildActionMask = 2147483647;
			files = (
			);
			runOnlyForDeploymentPostprocessing = 0;
		};
/* End PBXFrameworksBuildPhase section */

/* Begin PBXGroup section */
		67CCDB5C4B24EF33F9326EB1 /* FocusUITests */ = {
			isa = PBXGroup;
			children = (
				304FB960A2ED3A4D9CE34FE8 /* FocusCoreFlowTests.swift */,
			);
			name = FocusUITests;
			path = FocusUITests;
			sourceTree = "<group>";
		};
		6EC42FD390C39CDCBB7961BE /* Frameworks */ = {
			isa = PBXGroup;
			children = (
				C333DD9AEFD782D08EE3FD66 /* iOS */,
			);
			name = Frameworks;
			sourceTree = "<group>";
		};
		774F993511A1EA555665C47F /* FocusTests */ = {
			isa = PBXGroup;
			children = (
				3DAFCBF2F8D5B3D4FF4B9DEE /* FocusDataStoreTests.swift */,
				848EE3A9C333736872FEFC8C /* NovaExecutionTests.swift */,
			);
			name = FocusTests;
			path = FocusTests;
			sourceTree = "<group>";
		};
		C333DD9AEFD782D08EE3FD66 /* iOS */ = {
			isa = PBXGroup;
			children = (
				3BB5CF907453E746026AF1E5 /* Foundation.framework */,
			);
			name = iOS;
			sourceTree = "<group>";
		};
		FA0000000000000000000002 = {
			isa = PBXGroup;
			children = (
				FA000000000000000000000F /* Focus */,
				FA00000000000000000000EE /* FocusWidget */,
				FA0000000000000000000003 /* Products */,
				6EC42FD390C39CDCBB7961BE /* Frameworks */,
				774F993511A1EA555665C47F /* FocusTests */,
				67CCDB5C4B24EF33F9326EB1 /* FocusUITests */,
			);
			sourceTree = "<group>";
		};
		FA0000000000000000000003 /* Products */ = {
			isa = PBXGroup;
			children = (
				FA0000000000000000000004 /* Focus.app */,
				FA00000000000000000000E7 /* FocusWidgetExtension.appex */,
				0F61FC8E12865D84AB673C7C /* FocusTests.xctest */,
				80CC2C917E3772B4429AD0BB /* FocusUITests.xctest */,
			);
			name = Products;
			sourceTree = "<group>";
		};
		FA000000000000000000000F /* Focus */ = {
			isa = PBXGroup;
			children = (
				FA0000000000000000000011 /* FocusApp.swift */,
				FA0000000000000000000012 /* ContentView.swift */,
				FA0000000000000000000060 /* Shared */,
				FA0000000000000000000061 /* Models */,
				FA0000000000000000000062 /* Services */,
				FA0000000000000000000063 /* State */,
				FA0000000000000000000030 /* Views */,
				FA0000000000000000000015 /* Assets.xcassets */,
				FA00000000000000000000E1 /* PrivacyInfo.xcprivacy */,
				FA00000000000000000000E6 /* Focus.entitlements */,
			);
			path = Focus;
			sourceTree = "<group>";
		};
		FA0000000000000000000030 /* Views */ = {
			isa = PBXGroup;
			children = (
				FA0000000000000000000013 /* BootView.swift */,
				FA000000000000000000007A /* OnboardingView.swift */,
				FA0000000000000000000079 /* LoginView.swift */,
				FA0000000000000000000056 /* MainTabView.swift */,
				FA0000000000000000000057 /* MiDiaView.swift */,
				FA0000000000000000000058 /* CalendarioView.swift */,
				FA0000000000000000000059 /* NovaView.swift */,
				FA0000000000000000000098 /* VoiceDictationSheet.swift */,
				FA000000000000000000005A /* TareasView.swift */,
				FA000000000000000000005B /* AjustesView.swift */,
			);
			path = Views;
			sourceTree = "<group>";
		};
		FA0000000000000000000060 /* Shared */ = {
			isa = PBXGroup;
			children = (
				FA0000000000000000000050 /* Theme.swift */,
				FA0000000000000000000072 /* SharedComponents.swift */,
				FA0000000000000000000075 /* FocusConfig.swift */,
			);
			path = Shared;
			sourceTree = "<group>";
		};
		FA0000000000000000000061 /* Models */ = {
			isa = PBXGroup;
			children = (
				FA0000000000000000000051 /* FocusEvent.swift */,
				FA0000000000000000000052 /* FocusTask.swift */,
				FA0000000000000000000053 /* Suggestion.swift */,
				FA0000000000000000000054 /* NovaMessage.swift */,
				FA0000000000000000000070 /* AppSettings.swift */,
			);
			path = Models;
			sourceTree = "<group>";
		};
		FA0000000000000000000062 /* Services */ = {
			isa = PBXGroup;
			children = (
				FA0000000000000000000055 /* DemoDataProvider.swift */,
				FA0000000000000000000076 /* KeychainStore.swift */,
				FA0000000000000000000077 /* AuthService.swift */,
				FA00000000000000000000A1 /* AuthService+GoogleNative.swift */,
				FA000000000000000000007B /* SupabaseSyncService.swift */,
				FA000000000000000000007C /* NovaService.swift */,
				FA00000000000000000000E3 /* SystemCalendarService.swift */,
				FA00000000000000000000E5 /* PushRegistrationService.swift */,
				FA000000000000000000007D /* LocalNotificationService.swift */,
				FA000000000000000000007E /* NovaLiveService.swift */,
				FA0000000000000000000099 /* NovaActionNormalizer.swift */,
				FA00000000000000000000B3 /* NovaActionValidator.swift */,
				FA00000000000000000000C1 /* NovaDevLog.swift */,
				FA000000000000000000009B /* NovaActionNormalizerTests.swift */,
				D96286B07641507CD876AC4B /* FocusTelemetry.swift */,
			);
			path = Services;
			sourceTree = "<group>";
		};
		FA0000000000000000000063 /* State */ = {
			isa = PBXGroup;
			children = (
				FA0000000000000000000071 /* FocusDataStore.swift */,
				FA0000000000000000000074 /* FocusLocalStore.swift */,
				FA0000000000000000000078 /* AuthStore.swift */,
			);
			path = State;
			sourceTree = "<group>";
		};
		FA00000000000000000000EE /* FocusWidget */ = {
			isa = PBXGroup;
			children = (
				FA00000000000000000000E8 /* FocusWidgetBundle.swift */,
				FA00000000000000000000EA /* FocusWidget.swift */,
				FA00000000000000000000EC /* Info.plist */,
				FA00000000000000000000ED /* FocusWidget.entitlements */,
				2AB4C7B506486883955572BB /* PrivacyInfo.xcprivacy */,
			);
			path = FocusWidget;
			sourceTree = "<group>";
		};
/* End PBXGroup section */

/* Begin PBXNativeTarget section */
		485ADF4E9DE35B871E2CA402 /* FocusUITests */ = {
			isa = PBXNativeTarget;
			buildConfigurationList = AF70FC8AD17EFC5BCE0FAD40 /* Build configuration list for PBXNativeTarget "FocusUITests" */;
			buildPhases = (
				23720F2945F7F40476177808 /* Sources */,
				5AE68B75F85AA9B36DDA7300 /* Frameworks */,
				BE2C9335A0F70097183F8568 /* Resources */,
			);
			buildRules = (
			);
			dependencies = (
				D0C4AF1231469DD7BFF9F84B /* PBXTargetDependency */,
			);
			name = FocusUITests;
			productName = FocusUITests;
			productReference = 80CC2C917E3772B4429AD0BB /* FocusUITests.xctest */;
			productType = "com.apple.product-type.bundle.ui-testing";
		};
		5ABE0C5E242497FCFF890290 /* FocusTests */ = {
			isa = PBXNativeTarget;
			buildConfigurationList = 47BA8A68A829E106997CEFD3 /* Build configuration list for PBXNativeTarget "FocusTests" */;
			buildPhases = (
				CD804D361904E3A300027788 /* Sources */,
				BFEAF5B187908448A13500AE /* Frameworks */,
				27724DA6C1DA9C7F1A932790 /* Resources */,
			);
			buildRules = (
			);
			dependencies = (
				3877A4510EF20B4A413427C4 /* PBXTargetDependency */,
			);
			name = FocusTests;
			productName = FocusTests;
			productReference = 0F61FC8E12865D84AB673C7C /* FocusTests.xctest */;
			productType = "com.apple.product-type.bundle.unit-test";
		};
		FA0000000000000000000006 /* Focus */ = {
			isa = PBXNativeTarget;
			buildConfigurationList = FA0000000000000000000009 /* Build configuration list for PBXNativeTarget "Focus" */;
			buildPhases = (
				FA000000000000000000000C /* Sources */,
				FA000000000000000000000D /* Resources */,
				FA0000000000000000000010 /* Frameworks */,
				FA00000000000000000000F6 /* Embed Foundation Extensions */,
			);
			buildRules = (
			);
			dependencies = (
				FA00000000000000000000F9 /* PBXTargetDependency */,
			);
			name = Focus;
			packageProductDependencies = (
				FA0000000000000000000C02 /* GoogleSignIn */,
				FA0000000000000000000C03 /* GoogleSignInSwift */,
			);
			productName = Focus;
			productReference = FA0000000000000000000004 /* Focus.app */;
			productType = "com.apple.product-type.application";
		};
		FA00000000000000000000EF /* FocusWidgetExtension */ = {
			isa = PBXNativeTarget;
			buildConfigurationList = FA00000000000000000000F2 /* Build configuration list for PBXNativeTarget "FocusWidgetExtension" */;
			buildPhases = (
				FA00000000000000000000F3 /* Sources */,
				FA00000000000000000000F4 /* Frameworks */,
				FA00000000000000000000F5 /* Resources */,
			);
			buildRules = (
			);
			dependencies = (
			);
			name = FocusWidgetExtension;
			productName = FocusWidgetExtension;
			productReference = FA00000000000000000000E7 /* FocusWidgetExtension.appex */;
			productType = "com.apple.product-type.app-extension";
		};
/* End PBXNativeTarget section */

/* Begin PBXProject section */
		FA0000000000000000000001 /* Project object */ = {
			isa = PBXProject;
			attributes = {
				BuildIndependentTargetsInParallel = 1;
				LastSwiftUpdateCheck = 2600;
				LastUpgradeCheck = 2600;
				TargetAttributes = {
					FA0000000000000000000006 = {
						CreatedOnToolsVersion = 26.0;
					};
				};
			};
			buildConfigurationList = FA0000000000000000000008 /* Build configuration list for PBXProject "Focus" */;
			compatibilityVersion = "Xcode 14.0";
			developmentRegion = es;
			hasScannedForEncodings = 0;
			knownRegions = (
				es,
				en,
				Base,
			);
			mainGroup = FA0000000000000000000002;
			packageReferences = (
				FA0000000000000000000C01 /* XCRemoteSwiftPackageReference "GoogleSignIn-iOS" */,
			);
			productRefGroup = FA0000000000000000000003 /* Products */;
			projectDirPath = "";
			projectRoot = "";
			targets = (
				FA0000000000000000000006 /* Focus */,
				FA00000000000000000000EF /* FocusWidgetExtension */,
				5ABE0C5E242497FCFF890290 /* FocusTests */,
				485ADF4E9DE35B871E2CA402 /* FocusUITests */,
			);
		};
/* End PBXProject section */

/* Begin PBXResourcesBuildPhase section */
		27724DA6C1DA9C7F1A932790 /* Resources */ = {
			isa = PBXResourcesBuildPhase;
			buildActionMask = 2147483647;
			files = (
			);
			runOnlyForDeploymentPostprocessing = 0;
		};
		BE2C9335A0F70097183F8568 /* Resources */ = {
			isa = PBXResourcesBuildPhase;
			buildActionMask = 2147483647;
			files = (
			);
			runOnlyForDeploymentPostprocessing = 0;
		};
		FA000000000000000000000D /* Resources */ = {
			isa = PBXResourcesBuildPhase;
			buildActionMask = 2147483647;
			files = (
				FA000000000000000000001A /* Assets.xcassets in Resources */,
				FA00000000000000000000E0 /* PrivacyInfo.xcprivacy in Resources */,
			);
			runOnlyForDeploymentPostprocessing = 0;
		};
		FA00000000000000000000F5 /* Resources */ = {
			isa = PBXResourcesBuildPhase;
			buildActionMask = 2147483647;
			files = (
				2A622D009FD0AD00A8D8A542 /* PrivacyInfo.xcprivacy in Resources */,
			);
			runOnlyForDeploymentPostprocessing = 0;
		};
/* End PBXResourcesBuildPhase section */

/* Begin PBXSourcesBuildPhase section */
		23720F2945F7F40476177808 /* Sources */ = {
			isa = PBXSourcesBuildPhase;
			buildActionMask = 2147483647;
			files = (
				DBA464EDE8EC0D8ACEA423D3 /* FocusCoreFlowTests.swift in Sources */,
			);
			runOnlyForDeploymentPostprocessing = 0;
		};
		CD804D361904E3A300027788 /* Sources */ = {
			isa = PBXSourcesBuildPhase;
			buildActionMask = 2147483647;
			files = (
				D5279C2FCC21B38F2BC30375 /* FocusDataStoreTests.swift in Sources */,
				5596EA02C6335EABCD9CCE74 /* NovaExecutionTests.swift in Sources */,
			);
			runOnlyForDeploymentPostprocessing = 0;
		};
		FA000000000000000000000C /* Sources */ = {
			isa = PBXSourcesBuildPhase;
			buildActionMask = 2147483647;
			files = (
				FA0000000000000000000016 /* FocusApp.swift in Sources */,
				FA0000000000000000000017 /* ContentView.swift in Sources */,
				FA0000000000000000000040 /* Theme.swift in Sources */,
				FA0000000000000000000082 /* SharedComponents.swift in Sources */,
				FA0000000000000000000085 /* FocusConfig.swift in Sources */,
				FA0000000000000000000041 /* FocusEvent.swift in Sources */,
				FA0000000000000000000042 /* FocusTask.swift in Sources */,
				FA0000000000000000000043 /* Suggestion.swift in Sources */,
				FA0000000000000000000044 /* NovaMessage.swift in Sources */,
				FA0000000000000000000080 /* AppSettings.swift in Sources */,
				FA0000000000000000000045 /* DemoDataProvider.swift in Sources */,
				FA0000000000000000000086 /* KeychainStore.swift in Sources */,
				FA0000000000000000000087 /* AuthService.swift in Sources */,
				FA00000000000000000000A2 /* AuthService+GoogleNative.swift in Sources */,
				FA0000000000000000000091 /* SupabaseSyncService.swift in Sources */,
				FA0000000000000000000092 /* NovaService.swift in Sources */,
				FA00000000000000000000E2 /* SystemCalendarService.swift in Sources */,
				FA00000000000000000000E4 /* PushRegistrationService.swift in Sources */,
				FA0000000000000000000093 /* LocalNotificationService.swift in Sources */,
				FA0000000000000000000094 /* NovaLiveService.swift in Sources */,
				FA0000000000000000000096 /* VoiceDictationSheet.swift in Sources */,
				FA0000000000000000000097 /* NovaActionNormalizer.swift in Sources */,
				FA00000000000000000000B2 /* NovaActionValidator.swift in Sources */,
				FA00000000000000000000C0 /* NovaDevLog.swift in Sources */,
				FA000000000000000000009A /* NovaActionNormalizerTests.swift in Sources */,
				FA0000000000000000000081 /* FocusDataStore.swift in Sources */,
				FA0000000000000000000084 /* FocusLocalStore.swift in Sources */,
				FA0000000000000000000088 /* AuthStore.swift in Sources */,
				FA0000000000000000000018 /* BootView.swift in Sources */,
				FA0000000000000000000090 /* OnboardingView.swift in Sources */,
				FA0000000000000000000089 /* LoginView.swift in Sources */,
				FA0000000000000000000046 /* MainTabView.swift in Sources */,
				FA0000000000000000000047 /* MiDiaView.swift in Sources */,
				FA0000000000000000000048 /* CalendarioView.swift in Sources */,
				FA0000000000000000000049 /* NovaView.swift in Sources */,
				FA000000000000000000004A /* TareasView.swift in Sources */,
				FA000000000000000000004B /* AjustesView.swift in Sources */,
				986E24695C0FC7D912763426 /* FocusTelemetry.swift in Sources */,
			);
			runOnlyForDeploymentPostprocessing = 0;
		};
		FA00000000000000000000F3 /* Sources */ = {
			isa = PBXSourcesBuildPhase;
			buildActionMask = 2147483647;
			files = (
				FA00000000000000000000E9 /* FocusWidgetBundle.swift in Sources */,
				FA00000000000000000000EB /* FocusWidget.swift in Sources */,
			);
			runOnlyForDeploymentPostprocessing = 0;
		};
/* End PBXSourcesBuildPhase section */

/* Begin PBXTargetDependency section */
		3877A4510EF20B4A413427C4 /* PBXTargetDependency */ = {
			isa = PBXTargetDependency;
			name = Focus;
			target = FA0000000000000000000006 /* Focus */;
			targetProxy = 4B9E9302BD70C3F33CC2C05B /* PBXContainerItemProxy */;
		};
		D0C4AF1231469DD7BFF9F84B /* PBXTargetDependency */ = {
			isa = PBXTargetDependency;
			name = Focus;
			target = FA0000000000000000000006 /* Focus */;
			targetProxy = CDCBD857EEAEAF74E3D85D7E /* PBXContainerItemProxy */;
		};
		FA00000000000000000000F9 /* PBXTargetDependency */ = {
			isa = PBXTargetDependency;
			target = FA00000000000000000000EF /* FocusWidgetExtension */;
			targetProxy = FA00000000000000000000F8 /* PBXContainerItemProxy */;
		};
/* End PBXTargetDependency section */

/* Begin XCBuildConfiguration section */
		00B2415C55CF33FC1753D7F9 /* Debug */ = {
			isa = XCBuildConfiguration;
			buildSettings = {
				CLANG_ENABLE_OBJC_WEAK = NO;
				CODE_SIGN_STYLE = Automatic;
				DEVELOPMENT_TEAM = D8UM897B2T;
				GENERATE_INFOPLIST_FILE = YES;
				IPHONEOS_DEPLOYMENT_TARGET = 17.0;
				PRODUCT_BUNDLE_IDENTIFIER = me.usefocus.app.focusuitests;
				PRODUCT_NAME = "$(TARGET_NAME)";
				SDKROOT = iphoneos;
				SWIFT_MODULE_NAME = "$(PRODUCT_NAME:c99extidentifier)";
				SWIFT_VERSION = 5.0;
				TARGETED_DEVICE_FAMILY = "1,2";
				TEST_TARGET_NAME = Focus;
			};
			name = Debug;
		};
		3331A099CB739CC7669BAF09 /* Release */ = {
			isa = XCBuildConfiguration;
			buildSettings = {
				CLANG_ENABLE_OBJC_WEAK = NO;
				CODE_SIGN_STYLE = Automatic;
				DEVELOPMENT_TEAM = D8UM897B2T;
				GENERATE_INFOPLIST_FILE = YES;
				IPHONEOS_DEPLOYMENT_TARGET = 17.0;
				PRODUCT_BUNDLE_IDENTIFIER = me.usefocus.app.focusuitests;
				PRODUCT_NAME = "$(TARGET_NAME)";
				SDKROOT = iphoneos;
				SWIFT_MODULE_NAME = "$(PRODUCT_NAME:c99extidentifier)";
				SWIFT_VERSION = 5.0;
				TARGETED_DEVICE_FAMILY = "1,2";
				TEST_TARGET_NAME = Focus;
				VALIDATE_PRODUCT = YES;
			};
			name = Release;
		};
		EDF8B71594C84EEF9EF090A3 /* Debug */ = {
			isa = XCBuildConfiguration;
			buildSettings = {
				BUNDLE_LOADER = "$(TEST_HOST)";
				CLANG_ENABLE_OBJC_WEAK = NO;
				CODE_SIGN_STYLE = Automatic;
				DEVELOPMENT_TEAM = D8UM897B2T;
				GENERATE_INFOPLIST_FILE = YES;
				IPHONEOS_DEPLOYMENT_TARGET = 17.0;
				PRODUCT_BUNDLE_IDENTIFIER = me.usefocus.app.focustests;
				PRODUCT_NAME = "$(TARGET_NAME)";
				SDKROOT = iphoneos;
				SWIFT_MODULE_NAME = "$(PRODUCT_NAME:c99extidentifier)";
				SWIFT_VERSION = 5.0;
				TARGETED_DEVICE_FAMILY = "1,2";
				TEST_HOST = "$(BUILT_PRODUCTS_DIR)/Focus.app/$(BUNDLE_EXECUTABLE_FOLDER_PATH)/Focus";
				TEST_TARGET_NAME = Focus;
			};
			name = Debug;
		};
		F1A529CC86AD9DD6115A1858 /* Release */ = {
			isa = XCBuildConfiguration;
			buildSettings = {
				BUNDLE_LOADER = "$(TEST_HOST)";
				CLANG_ENABLE_OBJC_WEAK = NO;
				CODE_SIGN_STYLE = Automatic;
				DEVELOPMENT_TEAM = D8UM897B2T;
				GENERATE_INFOPLIST_FILE = YES;
				IPHONEOS_DEPLOYMENT_TARGET = 17.0;
				PRODUCT_BUNDLE_IDENTIFIER = me.usefocus.app.focustests;
				PRODUCT_NAME = "$(TARGET_NAME)";
				SDKROOT = iphoneos;
				SWIFT_MODULE_NAME = "$(PRODUCT_NAME:c99extidentifier)";
				SWIFT_VERSION = 5.0;
				TARGETED_DEVICE_FAMILY = "1,2";
				TEST_HOST = "$(BUILT_PRODUCTS_DIR)/Focus.app/$(BUNDLE_EXECUTABLE_FOLDER_PATH)/Focus";
				TEST_TARGET_NAME = Focus;
				VALIDATE_PRODUCT = YES;
			};
			name = Release;
		};
		FA000000000000000000000A /* Debug */ = {
			isa = XCBuildConfiguration;
			buildSettings = {
				ALWAYS_SEARCH_USER_PATHS = NO;
				ASSETCATALOG_COMPILER_GENERATE_SWIFT_ASSET_SYMBOL_EXTENSIONS = YES;
				CLANG_ANALYZER_NONNULL = YES;
				CLANG_ANALYZER_NUMBER_OBJECT_CONVERSION = YES_AGGRESSIVE;
				CLANG_CXX_LANGUAGE_STANDARD = "gnu++20";
				CLANG_ENABLE_MODULES = YES;
				CLANG_ENABLE_OBJC_ARC = YES;
				CLANG_ENABLE_OBJC_WEAK = YES;
				CLANG_WARN_BLOCK_CAPTURE_AUTORELEASING = YES;
				CLANG_WARN_BOOL_CONVERSION = YES;
				CLANG_WARN_COMMA = YES;
				CLANG_WARN_CONSTANT_CONVERSION = YES;
				CLANG_WARN_DEPRECATED_OBJC_IMPLEMENTATIONS = YES;
				CLANG_WARN_DIRECT_OBJC_ISA_USAGE = YES_ERROR;
				CLANG_WARN_DOCUMENTATION_COMMENTS = YES;
				CLANG_WARN_EMPTY_BODY = YES;
				CLANG_WARN_ENUM_CONVERSION = YES;
				CLANG_WARN_INFINITE_RECURSION = YES;
				CLANG_WARN_INT_CONVERSION = YES;
				CLANG_WARN_NON_LITERAL_NULL_CONVERSION = YES;
				CLANG_WARN_OBJC_IMPLICIT_RETAIN_CYCLE = YES;
				CLANG_WARN_OBJC_LITERAL_CONVERSION = YES;
				CLANG_WARN_OBJC_ROOT_CLASS = YES_ERROR;
				CLANG_WARN_QUOTED_INCLUDE_IN_FRAMEWORK_HEADER = YES;
				CLANG_WARN_RANGE_LOOP_ANALYSIS = YES;
				CLANG_WARN_STRICT_PROTOTYPES = YES;
				CLANG_WARN_SUSPICIOUS_MOVE = YES;
				CLANG_WARN_UNGUARDED_AVAILABILITY = YES_AGGRESSIVE;
				CLANG_WARN_UNREACHABLE_CODE = YES;
				CLANG_WARN__DUPLICATE_METHOD_MATCH = YES;
				COPY_PHASE_STRIP = NO;
				DEBUG_INFORMATION_FORMAT = dwarf;
				ENABLE_STRICT_OBJC_MSGSEND = YES;
				ENABLE_TESTABILITY = YES;
				ENABLE_USER_SCRIPT_SANDBOXING = YES;
				GCC_C_LANGUAGE_STANDARD = gnu17;
				GCC_DYNAMIC_NO_PIC = NO;
				GCC_NO_COMMON_BLOCKS = YES;
				GCC_OPTIMIZATION_LEVEL = 0;
				GCC_PREPROCESSOR_DEFINITIONS = (
					"DEBUG=1",
					"$(inherited)",
				);
				GCC_WARN_64_TO_32_BIT_CONVERSION = YES;
				GCC_WARN_ABOUT_RETURN_TYPE = YES_ERROR;
				GCC_WARN_UNDECLARED_SELECTOR = YES;
				GCC_WARN_UNINITIALIZED_AUTOS = YES_AGGRESSIVE;
				GCC_WARN_UNUSED_FUNCTION = YES;
				GCC_WARN_UNUSED_VARIABLE = YES;
				IPHONEOS_DEPLOYMENT_TARGET = 17.0;
				MTL_ENABLE_DEBUG_INFO = INCLUDE_SOURCE;
				MTL_FAST_MATH = YES;
				ONLY_ACTIVE_ARCH = YES;
				SDKROOT = iphoneos;
				SWIFT_ACTIVE_COMPILATION_CONDITIONS = "DEBUG $(inherited)";
				SWIFT_OPTIMIZATION_LEVEL = "-Onone";
			};
			name = Debug;
		};
		FA000000000000000000000B /* Release */ = {
			isa = XCBuildConfiguration;
			buildSettings = {
				ALWAYS_SEARCH_USER_PATHS = NO;
				ASSETCATALOG_COMPILER_GENERATE_SWIFT_ASSET_SYMBOL_EXTENSIONS = YES;
				CLANG_ANALYZER_NONNULL = YES;
				CLANG_ANALYZER_NUMBER_OBJECT_CONVERSION = YES_AGGRESSIVE;
				CLANG_CXX_LANGUAGE_STANDARD = "gnu++20";
				CLANG_ENABLE_MODULES = YES;
				CLANG_ENABLE_OBJC_ARC = YES;
				CLANG_ENABLE_OBJC_WEAK = YES;
				CLANG_WARN_BLOCK_CAPTURE_AUTORELEASING = YES;
				CLANG_WARN_BOOL_CONVERSION = YES;
				CLANG_WARN_COMMA = YES;
				CLANG_WARN_CONSTANT_CONVERSION = YES;
				CLANG_WARN_DEPRECATED_OBJC_IMPLEMENTATIONS = YES;
				CLANG_WARN_DIRECT_OBJC_ISA_USAGE = YES_ERROR;
				CLANG_WARN_DOCUMENTATION_COMMENTS = YES;
				CLANG_WARN_EMPTY_BODY = YES;
				CLANG_WARN_ENUM_CONVERSION = YES;
				CLANG_WARN_INFINITE_RECURSION = YES;
				CLANG_WARN_INT_CONVERSION = YES;
				CLANG_WARN_NON_LITERAL_NULL_CONVERSION = YES;
				CLANG_WARN_OBJC_IMPLICIT_RETAIN_CYCLE = YES;
				CLANG_WARN_OBJC_LITERAL_CONVERSION = YES;
				CLANG_WARN_OBJC_ROOT_CLASS = YES_ERROR;
				CLANG_WARN_QUOTED_INCLUDE_IN_FRAMEWORK_HEADER = YES;
				CLANG_WARN_RANGE_LOOP_ANALYSIS = YES;
				CLANG_WARN_STRICT_PROTOTYPES = YES;
				CLANG_WARN_SUSPICIOUS_MOVE = YES;
				CLANG_WARN_UNGUARDED_AVAILABILITY = YES_AGGRESSIVE;
				CLANG_WARN_UNREACHABLE_CODE = YES;
				CLANG_WARN__DUPLICATE_METHOD_MATCH = YES;
				COPY_PHASE_STRIP = NO;
				DEBUG_INFORMATION_FORMAT = "dwarf-with-dsym";
				ENABLE_NS_ASSERTIONS = NO;
				ENABLE_STRICT_OBJC_MSGSEND = YES;
				ENABLE_USER_SCRIPT_SANDBOXING = YES;
				GCC_C_LANGUAGE_STANDARD = gnu17;
				GCC_NO_COMMON_BLOCKS = YES;
				GCC_WARN_64_TO_32_BIT_CONVERSION = YES;
				GCC_WARN_ABOUT_RETURN_TYPE = YES_ERROR;
				GCC_WARN_UNDECLARED_SELECTOR = YES;
				GCC_WARN_UNINITIALIZED_AUTOS = YES_AGGRESSIVE;
				GCC_WARN_UNUSED_FUNCTION = YES;
				GCC_WARN_UNUSED_VARIABLE = YES;
				IPHONEOS_DEPLOYMENT_TARGET = 17.0;
				MTL_FAST_MATH = YES;
				SDKROOT = iphoneos;
				SWIFT_COMPILATION_MODE = wholemodule;
				VALIDATE_PRODUCT = YES;
			};
			name = Release;
		};
		FA000000000000000000000E /* Debug */ = {
			isa = XCBuildConfiguration;
			buildSettings = {
				ASSETCATALOG_COMPILER_APPICON_NAME = AppIcon;
				ASSETCATALOG_COMPILER_GLOBAL_ACCENT_COLOR_NAME = AccentColor;
				CODE_SIGN_ENTITLEMENTS = Focus/Focus.entitlements;
				CODE_SIGN_STYLE = Automatic;
				CURRENT_PROJECT_VERSION = 31;
				DEVELOPMENT_ASSET_PATHS = "";
				DEVELOPMENT_TEAM = D8UM897B2T;
				ENABLE_PREVIEWS = YES;
				GENERATE_INFOPLIST_FILE = NO;
				INFOPLIST_FILE = Focus/Info.plist;
				LD_RUNPATH_SEARCH_PATHS = (
					"$(inherited)",
					"@executable_path/Frameworks",
				);
				MARKETING_VERSION = 1.0;
				PRODUCT_BUNDLE_IDENTIFIER = me.usefocus.app;
				PRODUCT_NAME = "$(TARGET_NAME)";
				SWIFT_EMIT_LOC_STRINGS = YES;
				SWIFT_VERSION = 5.0;
				TARGETED_DEVICE_FAMILY = 1;
			};
			name = Debug;
		};
		FA000000000000000000001B /* Release */ = {
			isa = XCBuildConfiguration;
			buildSettings = {
				ASSETCATALOG_COMPILER_APPICON_NAME = AppIcon;
				ASSETCATALOG_COMPILER_GLOBAL_ACCENT_COLOR_NAME = AccentColor;
				CODE_SIGN_ENTITLEMENTS = Focus/Focus.entitlements;
				CODE_SIGN_STYLE = Automatic;
				CURRENT_PROJECT_VERSION = 31;
				DEVELOPMENT_ASSET_PATHS = "";
				DEVELOPMENT_TEAM = D8UM897B2T;
				ENABLE_PREVIEWS = YES;
				GENERATE_INFOPLIST_FILE = NO;
				INFOPLIST_FILE = Focus/Info.plist;
				LD_RUNPATH_SEARCH_PATHS = (
					"$(inherited)",
					"@executable_path/Frameworks",
				);
				MARKETING_VERSION = 1.0;
				PRODUCT_BUNDLE_IDENTIFIER = me.usefocus.app;
				PRODUCT_NAME = "$(TARGET_NAME)";
				SWIFT_EMIT_LOC_STRINGS = YES;
				SWIFT_VERSION = 5.0;
				TARGETED_DEVICE_FAMILY = 1;
			};
			name = Release;
		};
		FA00000000000000000000F0 /* Debug */ = {
			isa = XCBuildConfiguration;
			buildSettings = {
				CODE_SIGN_ENTITLEMENTS = FocusWidget/FocusWidget.entitlements;
				CODE_SIGN_STYLE = Automatic;
				CURRENT_PROJECT_VERSION = 31;
				DEVELOPMENT_TEAM = D8UM897B2T;
				GENERATE_INFOPLIST_FILE = NO;
				INFOPLIST_FILE = FocusWidget/Info.plist;
				IPHONEOS_DEPLOYMENT_TARGET = 17.0;
				LD_RUNPATH_SEARCH_PATHS = (
					"$(inherited)",
					"@executable_path/Frameworks",
					"@executable_path/../../Frameworks",
				);
				MARKETING_VERSION = 1.0;
				PRODUCT_BUNDLE_IDENTIFIER = me.usefocus.app.FocusWidget;
				PRODUCT_NAME = "$(TARGET_NAME)";
				SKIP_INSTALL = YES;
				SWIFT_EMIT_LOC_STRINGS = YES;
				SWIFT_VERSION = 5.0;
				TARGETED_DEVICE_FAMILY = 1;
			};
			name = Debug;
		};
		FA00000000000000000000F1 /* Release */ = {
			isa = XCBuildConfiguration;
			buildSettings = {
				CODE_SIGN_ENTITLEMENTS = FocusWidget/FocusWidget.entitlements;
				CODE_SIGN_STYLE = Automatic;
				CURRENT_PROJECT_VERSION = 31;
				DEVELOPMENT_TEAM = D8UM897B2T;
				GENERATE_INFOPLIST_FILE = NO;
				INFOPLIST_FILE = FocusWidget/Info.plist;
				IPHONEOS_DEPLOYMENT_TARGET = 17.0;
				LD_RUNPATH_SEARCH_PATHS = (
					"$(inherited)",
					"@executable_path/Frameworks",
					"@executable_path/../../Frameworks",
				);
				MARKETING_VERSION = 1.0;
				PRODUCT_BUNDLE_IDENTIFIER = me.usefocus.app.FocusWidget;
				PRODUCT_NAME = "$(TARGET_NAME)";
				SKIP_INSTALL = YES;
				SWIFT_EMIT_LOC_STRINGS = YES;
				SWIFT_VERSION = 5.0;
				TARGETED_DEVICE_FAMILY = 1;
			};
			name = Release;
		};
/* End XCBuildConfiguration section */

/* Begin XCConfigurationList section */
		47BA8A68A829E106997CEFD3 /* Build configuration list for PBXNativeTarget "FocusTests" */ = {
			isa = XCConfigurationList;
			buildConfigurations = (
				F1A529CC86AD9DD6115A1858 /* Release */,
				EDF8B71594C84EEF9EF090A3 /* Debug */,
			);
			defaultConfigurationIsVisible = 0;
			defaultConfigurationName = Release;
		};
		AF70FC8AD17EFC5BCE0FAD40 /* Build configuration list for PBXNativeTarget "FocusUITests" */ = {
			isa = XCConfigurationList;
			buildConfigurations = (
				3331A099CB739CC7669BAF09 /* Release */,
				00B2415C55CF33FC1753D7F9 /* Debug */,
			);
			defaultConfigurationIsVisible = 0;
			defaultConfigurationName = Release;
		};
		FA0000000000000000000008 /* Build configuration list for PBXProject "Focus" */ = {
			isa = XCConfigurationList;
			buildConfigurations = (
				FA000000000000000000000A /* Debug */,
				FA000000000000000000000B /* Release */,
			);
			defaultConfigurationIsVisible = 0;
			defaultConfigurationName = Release;
		};
		FA0000000000000000000009 /* Build configuration list for PBXNativeTarget "Focus" */ = {
			isa = XCConfigurationList;
			buildConfigurations = (
				FA000000000000000000000E /* Debug */,
				FA000000000000000000001B /* Release */,
			);
			defaultConfigurationIsVisible = 0;
			defaultConfigurationName = Release;
		};
		FA00000000000000000000F2 /* Build configuration list for PBXNativeTarget "FocusWidgetExtension" */ = {
			isa = XCConfigurationList;
			buildConfigurations = (
				FA00000000000000000000F0 /* Debug */,
				FA00000000000000000000F1 /* Release */,
			);
			defaultConfigurationIsVisible = 0;
			defaultConfigurationName = Release;
		};
/* End XCConfigurationList section */

/* Begin XCRemoteSwiftPackageReference section */
		FA0000000000000000000C01 /* XCRemoteSwiftPackageReference "GoogleSignIn-iOS" */ = {
			isa = XCRemoteSwiftPackageReference;
			repositoryURL = "https://github.com/google/GoogleSignIn-iOS";
			requirement = {
				kind = upToNextMajorVersion;
				minimumVersion = 7.0.0;
			};
		};
/* End XCRemoteSwiftPackageReference section */

/* Begin XCSwiftPackageProductDependency section */
		FA0000000000000000000C02 /* GoogleSignIn */ = {
			isa = XCSwiftPackageProductDependency;
			package = FA0000000000000000000C01 /* XCRemoteSwiftPackageReference "GoogleSignIn-iOS" */;
			productName = GoogleSignIn;
		};
		FA0000000000000000000C03 /* GoogleSignInSwift */ = {
			isa = XCSwiftPackageProductDependency;
			package = FA0000000000000000000C01 /* XCRemoteSwiftPackageReference "GoogleSignIn-iOS" */;
			productName = GoogleSignInSwift;
		};
/* End XCSwiftPackageProductDependency section */
	};
	rootObject = FA0000000000000000000001 /* Project object */;
}
